
Microsoft Visual Studio Solution File, Format Version 12.00
# Visual Studio Version 17
VisualStudioVersion = 17.3.32929.385
MinimumVisualStudioVersion = 10.0.40219.1
Project("{9A19103F-16F7-4668-BE54-9A1E7A4F7556}") = "Ueh.WebApp", "Ueh.WebApp\Ueh.WebApp.csproj", "{009182F9-AE99-4156-AF76-D01F6E239870}"
EndProject
Project("{9A19103F-16F7-4668-BE54-9A1E7A4F7556}") = "Ueh.Data", "Ueh.Data\Ueh.Data.csproj", "{3D7567EC-29DF-46D7-BACB-A43C2AE67246}"
EndProject
Project("{9A19103F-16F7-4668-BE54-9A1E7A4F7556}") = "Ueh.Application", "Ueh.Application\Ueh.Application.csproj", "{C287972A-95A4-438A-AE40-8B4220454825}"
EndProject
Project("{FAE04EC0-301F-11D3-BF4B-00C04F79EFBC}") = "Ueh.BackendApi", "Ueh.BackendApi\Ueh.BackendApi.csproj", "{B9FA3EF8-E2A9-4C13-8F72-F0376D3FF026}"
EndProject
Project("{FAE04EC0-301F-11D3-BF4B-00C04F79EFBC}") = "Ueh.Utilities", "Ueh.Utilities\Ueh.Utilities.csproj", "{A9C65B44-34D4-4FB8-90D2-85F47811E76E}"
EndProject
Project("{FAE04EC0-301F-11D3-BF4B-00C04F79EFBC}") = "Ueh.Admin", "Ueh.Admin\Ueh.Admin.csproj", "{94963075-0EF6-4FC2-B4D8-D518104980F6}"
EndProject
Global
	GlobalSection(SolutionConfigurationPlatforms) = preSolution
		Debug|Any CPU = Debug|Any CPU
		Release|Any CPU = Release|Any CPU
	EndGlobalSection
	GlobalSection(ProjectConfigurationPlatforms) = postSolution
		{009182F9-AE99-4156-AF76-D01F6E239870}.Debug|Any CPU.ActiveCfg = Debug|Any CPU
		{009182F9-AE99-4156-AF76-D01F6E239870}.Debug|Any CPU.Build.0 = Debug|Any CPU
		{009182F9-AE99-4156-AF76-D01F6E239870}.Release|Any CPU.ActiveCfg = Release|Any CPU
		{009182F9-AE99-4156-AF76-D01F6E239870}.Release|Any CPU.Build.0 = Release|Any CPU
		{3D7567EC-29DF-46D7-BACB-A43C2AE67246}.Debug|Any CPU.ActiveCfg = Debug|Any CPU
		{3D7567EC-29DF-46D7-BACB-A43C2AE67246}.Debug|Any CPU.Build.0 = Debug|Any CPU
		{3D7567EC-29DF-46D7-BACB-A43C2AE67246}.Release|Any CPU.ActiveCfg = Release|Any CPU
		{3D7567EC-29DF-46D7-BACB-A43C2AE67246}.Release|Any CPU.Build.0 = Release|Any CPU
		{C287972A-95A4-438A-AE40-8B4220454825}.Debug|Any CPU.ActiveCfg = Debug|Any CPU
		{C287972A-95A4-438A-AE40-8B4220454825}.Debug|Any CPU.Build.0 = Debug|Any CPU
		{C287972A-95A4-438A-AE40-8B4220454825}.Release|Any CPU.ActiveCfg = Release|Any CPU
		{C287972A-95A4-438A-AE40-8B4220454825}.Release|Any CPU.Build.0 = Release|Any CPU
		{B9FA3EF8-E2A9-4C13-8F72-F0376D3FF026}.Debug|Any CPU.ActiveCfg = Debug|Any CPU
		{B9FA3EF8-E2A9-4C13-8F72-F0376D3FF026}.Debug|Any CPU.Build.0 = Debug|Any CPU
		{B9FA3EF8-E2A9-4C13-8F72-F0376D3FF026}.Release|Any CPU.ActiveCfg = Release|Any CPU
		{B9FA3EF8-E2A9-4C13-8F72-F0376D3FF026}.Release|Any CPU.Build.0 = Release|Any CPU
		{A9C65B44-34D4-4FB8-90D2-85F47811E76E}.Debug|Any CPU.ActiveCfg = Debug|Any CPU
		{A9C65B44-34D4-4FB8-90D2-85F47811E76E}.Debug|Any CPU.Build.0 = Debug|Any CPU
		{A9C65B44-34D4-4FB8-90D2-85F47811E76E}.Release|Any CPU.ActiveCfg = Release|Any CPU
		{A9C65B44-34D4-4FB8-90D2-85F47811E76E}.Release|Any CPU.Build.0 = Release|Any CPU
		{94963075-0EF6-4FC2-B4D8-D518104980F6}.Debug|Any CPU.ActiveCfg = Debug|Any CPU
		{94963075-0EF6-4FC2-B4D8-D518104980F6}.Debug|Any CPU.Build.0 = Debug|Any CPU
		{94963075-0EF6-4FC2-B4D8-D518104980F6}.Release|Any CPU.ActiveCfg = Release|Any CPU
		{94963075-0EF6-4FC2-B4D8-D518104980F6}.Release|Any CPU.Build.0 = Release|Any CPU
	EndGlobalSection
	GlobalSection(SolutionProperties) = preSolution
		HideSolutionNode = FALSE
	EndGlobalSection
	GlobalSection(ExtensibilityGlobals) = postSolution
		SolutionGuid = {7E65C72B-D68E-45A5-8EBB-667515F3044C}
	EndGlobalSection
EndGlobal
